
Microsoft Visual Studio Solution File, Format Version 12.00
# Visual Studio Version 17
VisualStudioVersion = 17.8.34511.84
MinimumVisualStudioVersion = 10.0.40219.1
Project("{9A19103F-16F7-4668-BE54-9A1E7A4F7556}") = "GmailReader.Service", "GmailReader.Service\GmailReader.Service.csproj", "{799150C8-7D69-4456-BA0D-AAF64F4F37BE}"
EndProject
Project("{9A19103F-16F7-4668-BE54-9A1E7A4F7556}") = "GmailReader.Console", "GmailReader.Console\GmailReader.Console.csproj", "{84379E51-AF84-4627-B368-36080337CD40}"
EndProject
Project("{FAE04EC0-301F-11D3-BF4B-00C04F79EFBC}") = "GmailReader.Domain", "GmailReader.Domain\GmailReader.Domain.csproj", "{E8E750C0-14A1-455F-998F-DDC8A8106E7A}"
EndProject
Project("{FAE04EC0-301F-11D3-BF4B-00C04F79EFBC}") = "GmailReader.Infrastructure", "GmailReader.Infrastructure\GmailReader.Infrastructure.csproj", "{150CB631-9203-44FF-8200-DD56033FF697}"
EndProject
Global
	GlobalSection(SolutionConfigurationPlatforms) = preSolution
		Debug|Any CPU = Debug|Any CPU
		Release|Any CPU = Release|Any CPU
	EndGlobalSection
	GlobalSection(ProjectConfigurationPlatforms) = postSolution
		{799150C8-7D69-4456-BA0D-AAF64F4F37BE}.Debug|Any CPU.ActiveCfg = Debug|Any CPU
		{799150C8-7D69-4456-BA0D-AAF64F4F37BE}.Debug|Any CPU.Build.0 = Debug|Any CPU
		{799150C8-7D69-4456-BA0D-AAF64F4F37BE}.Release|Any CPU.ActiveCfg = Release|Any CPU
		{799150C8-7D69-4456-BA0D-AAF64F4F37BE}.Release|Any CPU.Build.0 = Release|Any CPU
		{84379E51-AF84-4627-B368-36080337CD40}.Debug|Any CPU.ActiveCfg = Debug|Any CPU
		{84379E51-AF84-4627-B368-36080337CD40}.Debug|Any CPU.Build.0 = Debug|Any CPU
		{84379E51-AF84-4627-B368-36080337CD40}.Release|Any CPU.ActiveCfg = Release|Any CPU
		{84379E51-AF84-4627-B368-36080337CD40}.Release|Any CPU.Build.0 = Release|Any CPU
		{E8E750C0-14A1-455F-998F-DDC8A8106E7A}.Debug|Any CPU.ActiveCfg = Debug|Any CPU
		{E8E750C0-14A1-455F-998F-DDC8A8106E7A}.Debug|Any CPU.Build.0 = Debug|Any CPU
		{E8E750C0-14A1-455F-998F-DDC8A8106E7A}.Release|Any CPU.ActiveCfg = Release|Any CPU
		{E8E750C0-14A1-455F-998F-DDC8A8106E7A}.Release|Any CPU.Build.0 = Release|Any CPU
		{150CB631-9203-44FF-8200-DD56033FF697}.Debug|Any CPU.ActiveCfg = Debug|Any CPU
		{150CB631-9203-44FF-8200-DD56033FF697}.Debug|Any CPU.Build.0 = Debug|Any CPU
		{150CB631-9203-44FF-8200-DD56033FF697}.Release|Any CPU.ActiveCfg = Release|Any CPU
		{150CB631-9203-44FF-8200-DD56033FF697}.Release|Any CPU.Build.0 = Release|Any CPU
	EndGlobalSection
	GlobalSection(SolutionProperties) = preSolution
		HideSolutionNode = FALSE
	EndGlobalSection
	GlobalSection(ExtensibilityGlobals) = postSolution
		SolutionGuid = {ED7214AD-F69A-4AF4-9B28-FBE0EC67B4F5}
	EndGlobalSection
EndGlobal
